// !$*UTF8*$!
{
	archiveVersion = 1;
	classes = {
	};
	objectVersion = 46;
	objects = {

/* Begin PBXBuildFile section */
		0E0E18011EFA40AC001E4EDC /* main.m in Sources */ = {isa = PBXBuildFile; fileRef = 0E0E18001EFA40AC001E4EDC /* main.m */; };
		0E0E18041EFA40AC001E4EDC /* AppDelegate.m in Sources */ = {isa = PBXBuildFile; fileRef = 0E0E18031EFA40AC001E4EDC /* AppDelegate.m */; };
		0E0E180C1EFA40AC001E4EDC /* Assets.xcassets in Resources */ = {isa = PBXBuildFile; fileRef = 0E0E180B1EFA40AC001E4EDC /* Assets.xcassets */; };
		0E0E180F1EFA40AC001E4EDC /* LaunchScreen.storyboard in Resources */ = {isa = PBXBuildFile; fileRef = 0E0E180D1EFA40AC001E4EDC /* LaunchScreen.storyboard */; };
		0E0E182A1EFA506C001E4EDC /* ScalarFilterParameter.m in Sources */ = {isa = PBXBuildFile; fileRef = 0E0E18291EFA506C001E4EDC /* ScalarFilterParameter.m */; };
		0E0E18301EFA53F8001E4EDC /* OpenGLES.framework in Frameworks */ = {isa = PBXBuildFile; fileRef = 0E0E182F1EFA53F8001E4EDC /* OpenGLES.framework */; };
		0E0E18381EFA54D5001E4EDC /* FilteredImageView.m in Sources */ = {isa = PBXBuildFile; fileRef = 0E0E18371EFA54D5001E4EDC /* FilteredImageView.m */; };
		0E0E183C1EFA5DDF001E4EDC /* ParameterAdjustmentView.m in Sources */ = {isa = PBXBuildFile; fileRef = 0E0E183B1EFA5DDF001E4EDC /* ParameterAdjustmentView.m */; };
		0E0E183F1EFA6196001E4EDC /* LabeledSliderView.m in Sources */ = {isa = PBXBuildFile; fileRef = 0E0E183E1EFA6196001E4EDC /* LabeledSliderView.m */; };
		0E24787B1F4D702A00784965 /* 666.jpg in Resources */ = {isa = PBXBuildFile; fileRef = 0E24787A1F4D702A00784965 /* 666.jpg */; };
		0E2478B11F4D848B00784965 /* AlbumController.m in Sources */ = {isa = PBXBuildFile; fileRef = 0E24787E1F4D848B00784965 /* AlbumController.m */; };
		0E2478B21F4D848B00784965 /* AlbumListCell.m in Sources */ = {isa = PBXBuildFile; fileRef = 0E2478801F4D848B00784965 /* AlbumListCell.m */; };
		0E2478B31F4D848B00784965 /* AlbumListCell.xib in Resources */ = {isa = PBXBuildFile; fileRef = 0E2478811F4D848B00784965 /* AlbumListCell.xib */; };
		0E2478B41F4D848B00784965 /* AppearanceController.m in Sources */ = {isa = PBXBuildFile; fileRef = 0E2478831F4D848B00784965 /* AppearanceController.m */; };
		0E2478B51F4D848B00784965 /* AssetBottomView.m in Sources */ = {isa = PBXBuildFile; fileRef = 0E2478861F4D848B00784965 /* AssetBottomView.m */; };
		0E2478B61F4D848B00784965 /* AssetBottomView.xib in Resources */ = {isa = PBXBuildFile; fileRef = 0E2478871F4D848B00784965 /* AssetBottomView.xib */; };
		0E2478B71F4D848B00784965 /* AssetCollectionCell.m in Sources */ = {isa = PBXBuildFile; fileRef = 0E2478891F4D848B00784965 /* AssetCollectionCell.m */; };
		0E2478B81F4D848B00784965 /* AssetCollectionCell.xib in Resources */ = {isa = PBXBuildFile; fileRef = 0E24788A1F4D848B00784965 /* AssetCollectionCell.xib */; };
		0E2478B91F4D848B00784965 /* AssetSelectionUtil.m in Sources */ = {isa = PBXBuildFile; fileRef = 0E24788C1F4D848B00784965 /* AssetSelectionUtil.m */; };
		0E2478BA1F4D848B00784965 /* AssetTopView.m in Sources */ = {isa = PBXBuildFile; fileRef = 0E24788E1F4D848B00784965 /* AssetTopView.m */; };
		0E2478BB1F4D848B00784965 /* AssetTopView.xib in Resources */ = {isa = PBXBuildFile; fileRef = 0E24788F1F4D848B00784965 /* AssetTopView.xib */; };
		0E2478BC1F4D848B00784965 /* AssetViewController.m in Sources */ = {isa = PBXBuildFile; fileRef = 0E2478911F4D848B00784965 /* AssetViewController.m */; };
		0E2478BD1F4D848B00784965 /* ASTakePhotoCell.m in Sources */ = {isa = PBXBuildFile; fileRef = 0E2478931F4D848B00784965 /* ASTakePhotoCell.m */; };
		0E2478BE1F4D848B00784965 /* ASTakePhotoCell.xib in Resources */ = {isa = PBXBuildFile; fileRef = 0E2478941F4D848B00784965 /* ASTakePhotoCell.xib */; };
		0E2478BF1F4D848B00784965 /* BaseController.m in Sources */ = {isa = PBXBuildFile; fileRef = 0E2478961F4D848B00784965 /* BaseController.m */; };
		0E2478C01F4D848B00784965 /* CollectionViewCell.m in Sources */ = {isa = PBXBuildFile; fileRef = 0E2478981F4D848B00784965 /* CollectionViewCell.m */; };
		0E2478C11F4D848B00784965 /* CollectionViewCell.xib in Resources */ = {isa = PBXBuildFile; fileRef = 0E2478991F4D848B00784965 /* CollectionViewCell.xib */; };
		0E2478C21F4D848B00784965 /* FileUtility.m in Sources */ = {isa = PBXBuildFile; fileRef = 0E24789B1F4D848B00784965 /* FileUtility.m */; };
		0E2478C31F4D848B00784965 /* ImagePickerController.m in Sources */ = {isa = PBXBuildFile; fileRef = 0E24789D1F4D848B00784965 /* ImagePickerController.m */; };
		0E2478C41F4D848B00784965 /* as_icon_back@2x.png in Resources */ = {isa = PBXBuildFile; fileRef = 0E24789F1F4D848B00784965 /* as_icon_back@2x.png */; };
		0E2478C51F4D848B00784965 /* as_icon_back@3x.png in Resources */ = {isa = PBXBuildFile; fileRef = 0E2478A01F4D848B00784965 /* as_icon_back@3x.png */; };
		0E2478C61F4D848B00784965 /* as_photo_def@2x.png in Resources */ = {isa = PBXBuildFile; fileRef = 0E2478A11F4D848B00784965 /* as_photo_def@2x.png */; };
		0E2478C71F4D848B00784965 /* as_photo_sel_big@2x.png in Resources */ = {isa = PBXBuildFile; fileRef = 0E2478A21F4D848B00784965 /* as_photo_sel_big@2x.png */; };
		0E2478C81F4D848B00784965 /* as_photo_sel_small@2x.png in Resources */ = {isa = PBXBuildFile; fileRef = 0E2478A31F4D848B00784965 /* as_photo_sel_small@2x.png */; };
		0E2478C91F4D848B00784965 /* as_placeholder@2x.png in Resources */ = {isa = PBXBuildFile; fileRef = 0E2478A41F4D848B00784965 /* as_placeholder@2x.png */; };
		0E2478CA1F4D848B00784965 /* as_playBtn_normal@2x.png in Resources */ = {isa = PBXBuildFile; fileRef = 0E2478A51F4D848B00784965 /* as_playBtn_normal@2x.png */; };
		0E2478CB1F4D848B00784965 /* as_playBtn_press@2x.png in Resources */ = {isa = PBXBuildFile; fileRef = 0E2478A61F4D848B00784965 /* as_playBtn_press@2x.png */; };
		0E2478CC1F4D848B00784965 /* as_takePhotos@2x.png in Resources */ = {isa = PBXBuildFile; fileRef = 0E2478A71F4D848B00784965 /* as_takePhotos@2x.png */; };
		0E2478CD1F4D848B00784965 /* as_VideoSendIcon@2x.png in Resources */ = {isa = PBXBuildFile; fileRef = 0E2478A81F4D848B00784965 /* as_VideoSendIcon@2x.png */; };
		0E2478CE1F4D848B00784965 /* PhotoController.m in Sources */ = {isa = PBXBuildFile; fileRef = 0E2478AA1F4D848B00784965 /* PhotoController.m */; };
		0E2478CF1F4D848B00784965 /* VideoBottomView.m in Sources */ = {isa = PBXBuildFile; fileRef = 0E2478AC1F4D848B00784965 /* VideoBottomView.m */; };
		0E2478D01F4D848B00784965 /* VideoBottomView.xib in Resources */ = {isa = PBXBuildFile; fileRef = 0E2478AD1F4D848B00784965 /* VideoBottomView.xib */; };
		0E2478D11F4D848B00784965 /* VideoController.m in Sources */ = {isa = PBXBuildFile; fileRef = 0E2478AF1F4D848B00784965 /* VideoController.m */; };
		0E2478D21F4D848B00784965 /* VideoController.xib in Resources */ = {isa = PBXBuildFile; fileRef = 0E2478B01F4D848B00784965 /* VideoController.xib */; };
		0E2478DF1F4D9D1400784965 /* RootTabBarController.m in Sources */ = {isa = PBXBuildFile; fileRef = 0E2478DB1F4D9D1400784965 /* RootTabBarController.m */; };
		0E2478E01F4D9D1400784965 /* SelectImageController.m in Sources */ = {isa = PBXBuildFile; fileRef = 0E2478DD1F4D9D1400784965 /* SelectImageController.m */; };
		0E2478E11F4D9D1400784965 /* SelectImageController.xib in Resources */ = {isa = PBXBuildFile; fileRef = 0E2478DE1F4D9D1400784965 /* SelectImageController.xib */; };
		0E2478E41F4D9DDD00784965 /* CommonTools.m in Sources */ = {isa = PBXBuildFile; fileRef = 0E2478E31F4D9DDD00784965 /* CommonTools.m */; };
		0ED528571EFBA8B600D5E511 /* FilterDetailViewController.m in Sources */ = {isa = PBXBuildFile; fileRef = 0ED528541EFBA8B600D5E511 /* FilterDetailViewController.m */; };
		0ED528581EFBA8B600D5E511 /* FilterListViewController.m in Sources */ = {isa = PBXBuildFile; fileRef = 0ED528561EFBA8B600D5E511 /* FilterListViewController.m */; };
		0ED5285C1EFBA8BB00D5E511 /* PhotoFilterViewController.m in Sources */ = {isa = PBXBuildFile; fileRef = 0ED5285B1EFBA8BB00D5E511 /* PhotoFilterViewController.m */; };
		0ED5285F1EFBAB9400D5E511 /* PhotoFilterCollectionViewCell.m in Sources */ = {isa = PBXBuildFile; fileRef = 0ED5285E1EFBAB9400D5E511 /* PhotoFilterCollectionViewCell.m */; };
/* End PBXBuildFile section */

/* Begin PBXFileReference section */
		0E0E17FC1EFA40AC001E4EDC /* ImageFilter.app */ = {isa = PBXFileReference; explicitFileType = wrapper.application; includeInIndex = 0; path = ImageFilter.app; sourceTree = BUILT_PRODUCTS_DIR; };
		0E0E18001EFA40AC001E4EDC /* main.m */ = {isa = PBXFileReference; lastKnownFileType = sourcecode.c.objc; path = main.m; sourceTree = "<group>"; };
		0E0E18021EFA40AC001E4EDC /* AppDelegate.h */ = {isa = PBXFileReference; lastKnownFileType = sourcecode.c.h; path = AppDelegate.h; sourceTree = "<group>"; };
		0E0E18031EFA40AC001E4EDC /* AppDelegate.m */ = {isa = PBXFileReference; lastKnownFileType = sourcecode.c.objc; path = AppDelegate.m; sourceTree = "<group>"; };
		0E0E180B1EFA40AC001E4EDC /* Assets.xcassets */ = {isa = PBXFileReference; lastKnownFileType = folder.assetcatalog; path = Assets.xcassets; sourceTree = "<group>"; };
		0E0E180E1EFA40AC001E4EDC /* Base */ = {isa = PBXFileReference; lastKnownFileType = file.storyboard; name = Base; path = Base.lproj/LaunchScreen.storyboard; sourceTree = "<group>"; };
		0E0E18101EFA40AC001E4EDC /* Info.plist */ = {isa = PBXFileReference; lastKnownFileType = text.plist.xml; path = Info.plist; sourceTree = "<group>"; };
		0E0E18281EFA506C001E4EDC /* ScalarFilterParameter.h */ = {isa = PBXFileReference; fileEncoding = 4; lastKnownFileType = sourcecode.c.h; path = ScalarFilterParameter.h; sourceTree = "<group>"; };
		0E0E18291EFA506C001E4EDC /* ScalarFilterParameter.m */ = {isa = PBXFileReference; fileEncoding = 4; lastKnownFileType = sourcecode.c.objc; path = ScalarFilterParameter.m; sourceTree = "<group>"; };
		0E0E182F1EFA53F8001E4EDC /* OpenGLES.framework */ = {isa = PBXFileReference; lastKnownFileType = wrapper.framework; name = OpenGLES.framework; path = System/Library/Frameworks/OpenGLES.framework; sourceTree = SDKROOT; };
		0E0E18361EFA54D5001E4EDC /* FilteredImageView.h */ = {isa = PBXFileReference; fileEncoding = 4; lastKnownFileType = sourcecode.c.h; path = FilteredImageView.h; sourceTree = "<group>"; };
		0E0E18371EFA54D5001E4EDC /* FilteredImageView.m */ = {isa = PBXFileReference; fileEncoding = 4; lastKnownFileType = sourcecode.c.objc; path = FilteredImageView.m; sourceTree = "<group>"; };
		0E0E183A1EFA5DDF001E4EDC /* ParameterAdjustmentView.h */ = {isa = PBXFileReference; fileEncoding = 4; lastKnownFileType = sourcecode.c.h; path = ParameterAdjustmentView.h; sourceTree = "<group>"; };
		0E0E183B1EFA5DDF001E4EDC /* ParameterAdjustmentView.m */ = {isa = PBXFileReference; fileEncoding = 4; lastKnownFileType = sourcecode.c.objc; path = ParameterAdjustmentView.m; sourceTree = "<group>"; };
		0E0E183D1EFA6196001E4EDC /* LabeledSliderView.h */ = {isa = PBXFileReference; fileEncoding = 4; lastKnownFileType = sourcecode.c.h; path = LabeledSliderView.h; sourceTree = "<group>"; };
		0E0E183E1EFA6196001E4EDC /* LabeledSliderView.m */ = {isa = PBXFileReference; fileEncoding = 4; lastKnownFileType = sourcecode.c.objc; path = LabeledSliderView.m; sourceTree = "<group>"; };
		0E24787A1F4D702A00784965 /* 666.jpg */ = {isa = PBXFileReference; lastKnownFileType = image.jpeg; path = 666.jpg; sourceTree = "<group>"; };
		0E24787D1F4D848B00784965 /* AlbumController.h */ = {isa = PBXFileReference; fileEncoding = 4; lastKnownFileType = sourcecode.c.h; path = AlbumController.h; sourceTree = "<group>"; };
		0E24787E1F4D848B00784965 /* AlbumController.m */ = {isa = PBXFileReference; fileEncoding = 4; lastKnownFileType = sourcecode.c.objc; path = AlbumController.m; sourceTree = "<group>"; };
		0E24787F1F4D848B00784965 /* AlbumListCell.h */ = {isa = PBXFileReference; fileEncoding = 4; lastKnownFileType = sourcecode.c.h; path = AlbumListCell.h; sourceTree = "<group>"; };
		0E2478801F4D848B00784965 /* AlbumListCell.m */ = {isa = PBXFileReference; fileEncoding = 4; lastKnownFileType = sourcecode.c.objc; path = AlbumListCell.m; sourceTree = "<group>"; };
		0E2478811F4D848B00784965 /* AlbumListCell.xib */ = {isa = PBXFileReference; fileEncoding = 4; lastKnownFileType = file.xib; path = AlbumListCell.xib; sourceTree = "<group>"; };
		0E2478821F4D848B00784965 /* AppearanceController.h */ = {isa = PBXFileReference; fileEncoding = 4; lastKnownFileType = sourcecode.c.h; path = AppearanceController.h; sourceTree = "<group>"; };
		0E2478831F4D848B00784965 /* AppearanceController.m */ = {isa = PBXFileReference; fileEncoding = 4; lastKnownFileType = sourcecode.c.objc; path = AppearanceController.m; sourceTree = "<group>"; };
		0E2478841F4D848B00784965 /* ASHelper.h */ = {isa = PBXFileReference; fileEncoding = 4; lastKnownFileType = sourcecode.c.h; path = ASHelper.h; sourceTree = "<group>"; };
		0E2478851F4D848B00784965 /* AssetBottomView.h */ = {isa = PBXFileReference; fileEncoding = 4; lastKnownFileType = sourcecode.c.h; path = AssetBottomView.h; sourceTree = "<group>"; };
		0E2478861F4D848B00784965 /* AssetBottomView.m */ = {isa = PBXFileReference; fileEncoding = 4; lastKnownFileType = sourcecode.c.objc; path = AssetBottomView.m; sourceTree = "<group>"; };
		0E2478871F4D848B00784965 /* AssetBottomView.xib */ = {isa = PBXFileReference; fileEncoding = 4; lastKnownFileType = file.xib; path = AssetBottomView.xib; sourceTree = "<group>"; };
		0E2478881F4D848B00784965 /* AssetCollectionCell.h */ = {isa = PBXFileReference; fileEncoding = 4; lastKnownFileType = sourcecode.c.h; path = AssetCollectionCell.h; sourceTree = "<group>"; };
		0E2478891F4D848B00784965 /* AssetCollectionCell.m */ = {isa = PBXFileReference; fileEncoding = 4; lastKnownFileType = sourcecode.c.objc; path = AssetCollectionCell.m; sourceTree = "<group>"; };
		0E24788A1F4D848B00784965 /* AssetCollectionCell.xib */ = {isa = PBXFileReference; fileEncoding = 4; lastKnownFileType = file.xib; path = AssetCollectionCell.xib; sourceTree = "<group>"; };
		0E24788B1F4D848B00784965 /* AssetSelectionUtil.h */ = {isa = PBXFileReference; fileEncoding = 4; lastKnownFileType = sourcecode.c.h; path = AssetSelectionUtil.h; sourceTree = "<group>"; };
		0E24788C1F4D848B00784965 /* AssetSelectionUtil.m */ = {isa = PBXFileReference; fileEncoding = 4; lastKnownFileType = sourcecode.c.objc; path = AssetSelectionUtil.m; sourceTree = "<group>"; };
		0E24788D1F4D848B00784965 /* AssetTopView.h */ = {isa = PBXFileReference; fileEncoding = 4; lastKnownFileType = sourcecode.c.h; path = AssetTopView.h; sourceTree = "<group>"; };
		0E24788E1F4D848B00784965 /* AssetTopView.m */ = {isa = PBXFileReference; fileEncoding = 4; lastKnownFileType = sourcecode.c.objc; path = AssetTopView.m; sourceTree = "<group>"; };
		0E24788F1F4D848B00784965 /* AssetTopView.xib */ = {isa = PBXFileReference; fileEncoding = 4; lastKnownFileType = file.xib; path = AssetTopView.xib; sourceTree = "<group>"; };
		0E2478901F4D848B00784965 /* AssetViewController.h */ = {isa = PBXFileReference; fileEncoding = 4; lastKnownFileType = sourcecode.c.h; path = AssetViewController.h; sourceTree = "<group>"; };
		0E2478911F4D848B00784965 /* AssetViewController.m */ = {isa = PBXFileReference; fileEncoding = 4; lastKnownFileType = sourcecode.c.objc; path = AssetViewController.m; sourceTree = "<group>"; };
		0E2478921F4D848B00784965 /* ASTakePhotoCell.h */ = {isa = PBXFileReference; fileEncoding = 4; lastKnownFileType = sourcecode.c.h; path = ASTakePhotoCell.h; sourceTree = "<group>"; };
		0E2478931F4D848B00784965 /* ASTakePhotoCell.m */ = {isa = PBXFileReference; fileEncoding = 4; lastKnownFileType = sourcecode.c.objc; path = ASTakePhotoCell.m; sourceTree = "<group>"; };
		0E2478941F4D848B00784965 /* ASTakePhotoCell.xib */ = {isa = PBXFileReference; fileEncoding = 4; lastKnownFileType = file.xib; path = ASTakePhotoCell.xib; sourceTree = "<group>"; };
		0E2478951F4D848B00784965 /* BaseController.h */ = {isa = PBXFileReference; fileEncoding = 4; lastKnownFileType = sourcecode.c.h; path = BaseController.h; sourceTree = "<group>"; };
		0E2478961F4D848B00784965 /* BaseController.m */ = {isa = PBXFileReference; fileEncoding = 4; lastKnownFileType = sourcecode.c.objc; path = BaseController.m; sourceTree = "<group>"; };
		0E2478971F4D848B00784965 /* CollectionViewCell.h */ = {isa = PBXFileReference; fileEncoding = 4; lastKnownFileType = sourcecode.c.h; path = CollectionViewCell.h; sourceTree = "<group>"; };
		0E2478981F4D848B00784965 /* CollectionViewCell.m */ = {isa = PBXFileReference; fileEncoding = 4; lastKnownFileType = sourcecode.c.objc; path = CollectionViewCell.m; sourceTree = "<group>"; };
		0E2478991F4D848B00784965 /* CollectionViewCell.xib */ = {isa = PBXFileReference; fileEncoding = 4; lastKnownFileType = file.xib; path = CollectionViewCell.xib; sourceTree = "<group>"; };
		0E24789A1F4D848B00784965 /* FileUtility.h */ = {isa = PBXFileReference; fileEncoding = 4; lastKnownFileType = sourcecode.c.h; path = FileUtility.h; sourceTree = "<group>"; };
		0E24789B1F4D848B00784965 /* FileUtility.m */ = {isa = PBXFileReference; fileEncoding = 4; lastKnownFileType = sourcecode.c.objc; path = FileUtility.m; sourceTree = "<group>"; };
		0E24789C1F4D848B00784965 /* ImagePickerController.h */ = {isa = PBXFileReference; fileEncoding = 4; lastKnownFileType = sourcecode.c.h; path = ImagePickerController.h; sourceTree = "<group>"; };
		0E24789D1F4D848B00784965 /* ImagePickerController.m */ = {isa = PBXFileReference; fileEncoding = 4; lastKnownFileType = sourcecode.c.objc; path = ImagePickerController.m; sourceTree = "<group>"; };
		0E24789F1F4D848B00784965 /* as_icon_back@2x.png */ = {isa = PBXFileReference; lastKnownFileType = image.png; path = "as_icon_back@2x.png"; sourceTree = "<group>"; };
		0E2478A01F4D848B00784965 /* as_icon_back@3x.png */ = {isa = PBXFileReference; lastKnownFileType = image.png; path = "as_icon_back@3x.png"; sourceTree = "<group>"; };
		0E2478A11F4D848B00784965 /* as_photo_def@2x.png */ = {isa = PBXFileReference; lastKnownFileType = image.png; path = "as_photo_def@2x.png"; sourceTree = "<group>"; };
		0E2478A21F4D848B00784965 /* as_photo_sel_big@2x.png */ = {isa = PBXFileReference; lastKnownFileType = image.png; path = "as_photo_sel_big@2x.png"; sourceTree = "<group>"; };
		0E2478A31F4D848B00784965 /* as_photo_sel_small@2x.png */ = {isa = PBXFileReference; lastKnownFileType = image.png; path = "as_photo_sel_small@2x.png"; sourceTree = "<group>"; };
		0E2478A41F4D848B00784965 /* as_placeholder@2x.png */ = {isa = PBXFileReference; lastKnownFileType = image.png; path = "as_placeholder@2x.png"; sourceTree = "<group>"; };
		0E2478A51F4D848B00784965 /* as_playBtn_normal@2x.png */ = {isa = PBXFileReference; lastKnownFileType = image.png; path = "as_playBtn_normal@2x.png"; sourceTree = "<group>"; };
		0E2478A61F4D848B00784965 /* as_playBtn_press@2x.png */ = {isa = PBXFileReference; lastKnownFileType = image.png; path = "as_playBtn_press@2x.png"; sourceTree = "<group>"; };
		0E2478A71F4D848B00784965 /* as_takePhotos@2x.png */ = {isa = PBXFileReference; lastKnownFileType = image.png; path = "as_takePhotos@2x.png"; sourceTree = "<group>"; };
		0E2478A81F4D848B00784965 /* as_VideoSendIcon@2x.png */ = {isa = PBXFileReference; lastKnownFileType = image.png; path = "as_VideoSendIcon@2x.png"; sourceTree = "<group>"; };
		0E2478A91F4D848B00784965 /* PhotoController.h */ = {isa = PBXFileReference; fileEncoding = 4; lastKnownFileType = sourcecode.c.h; path = PhotoController.h; sourceTree = "<group>"; };
		0E2478AA1F4D848B00784965 /* PhotoController.m */ = {isa = PBXFileReference; fileEncoding = 4; lastKnownFileType = sourcecode.c.objc; path = PhotoController.m; sourceTree = "<group>"; };
		0E2478AB1F4D848B00784965 /* VideoBottomView.h */ = {isa = PBXFileReference; fileEncoding = 4; lastKnownFileType = sourcecode.c.h; path = VideoBottomView.h; sourceTree = "<group>"; };
		0E2478AC1F4D848B00784965 /* VideoBottomView.m */ = {isa = PBXFileReference; fileEncoding = 4; lastKnownFileType = sourcecode.c.objc; path = VideoBottomView.m; sourceTree = "<group>"; };
		0E2478AD1F4D848B00784965 /* VideoBottomView.xib */ = {isa = PBXFileReference; fileEncoding = 4; lastKnownFileType = file.xib; path = VideoBottomView.xib; sourceTree = "<group>"; };
		0E2478AE1F4D848B00784965 /* VideoController.h */ = {isa = PBXFileReference; fileEncoding = 4; lastKnownFileType = sourcecode.c.h; path = VideoController.h; sourceTree = "<group>"; };
		0E2478AF1F4D848B00784965 /* VideoController.m */ = {isa = PBXFileReference; fileEncoding = 4; lastKnownFileType = sourcecode.c.objc; path = VideoController.m; sourceTree = "<group>"; };
		0E2478B01F4D848B00784965 /* VideoController.xib */ = {isa = PBXFileReference; fileEncoding = 4; lastKnownFileType = file.xib; path = VideoController.xib; sourceTree = "<group>"; };
		0E2478D81F4D9AC200784965 /* PrefixHeader.pch */ = {isa = PBXFileReference; lastKnownFileType = sourcecode.c.h; path = PrefixHeader.pch; sourceTree = "<group>"; };
		0E2478DA1F4D9D1400784965 /* RootTabBarController.h */ = {isa = PBXFileReference; fileEncoding = 4; lastKnownFileType = sourcecode.c.h; path = RootTabBarController.h; sourceTree = "<group>"; };
		0E2478DB1F4D9D1400784965 /* RootTabBarController.m */ = {isa = PBXFileReference; fileEncoding = 4; lastKnownFileType = sourcecode.c.objc; path = RootTabBarController.m; sourceTree = "<group>"; };
		0E2478DC1F4D9D1400784965 /* SelectImageController.h */ = {isa = PBXFileReference; fileEncoding = 4; lastKnownFileType = sourcecode.c.h; path = SelectImageController.h; sourceTree = "<group>"; };
		0E2478DD1F4D9D1400784965 /* SelectImageController.m */ = {isa = PBXFileReference; fileEncoding = 4; lastKnownFileType = sourcecode.c.objc; path = SelectImageController.m; sourceTree = "<group>"; };
		0E2478DE1F4D9D1400784965 /* SelectImageController.xib */ = {isa = PBXFileReference; fileEncoding = 4; lastKnownFileType = file.xib; path = SelectImageController.xib; sourceTree = "<group>"; };
		0E2478E21F4D9DDD00784965 /* CommonTools.h */ = {isa = PBXFileReference; fileEncoding = 4; lastKnownFileType = sourcecode.c.h; path = CommonTools.h; sourceTree = "<group>"; };
		0E2478E31F4D9DDD00784965 /* CommonTools.m */ = {isa = PBXFileReference; fileEncoding = 4; lastKnownFileType = sourcecode.c.objc; path = CommonTools.m; sourceTree = "<group>"; };
		0ED528291EFA7BFC00D5E511 /* ParameterAdjustmentDelegate.h */ = {isa = PBXFileReference; lastKnownFileType = sourcecode.c.h; path = ParameterAdjustmentDelegate.h; sourceTree = "<group>"; };
		0ED528531EFBA8B600D5E511 /* FilterDetailViewController.h */ = {isa = PBXFileReference; fileEncoding = 4; lastKnownFileType = sourcecode.c.h; path = FilterDetailViewController.h; sourceTree = "<group>"; };
		0ED528541EFBA8B600D5E511 /* FilterDetailViewController.m */ = {isa = PBXFileReference; fileEncoding = 4; lastKnownFileType = sourcecode.c.objc; path = FilterDetailViewController.m; sourceTree = "<group>"; };
		0ED528551EFBA8B600D5E511 /* FilterListViewController.h */ = {isa = PBXFileReference; fileEncoding = 4; lastKnownFileType = sourcecode.c.h; path = FilterListViewController.h; sourceTree = "<group>"; };
		0ED528561EFBA8B600D5E511 /* FilterListViewController.m */ = {isa = PBXFileReference; fileEncoding = 4; lastKnownFileType = sourcecode.c.objc; path = FilterListViewController.m; sourceTree = "<group>"; };
		0ED5285A1EFBA8BB00D5E511 /* PhotoFilterViewController.h */ = {isa = PBXFileReference; fileEncoding = 4; lastKnownFileType = sourcecode.c.h; path = PhotoFilterViewController.h; sourceTree = "<group>"; };
		0ED5285B1EFBA8BB00D5E511 /* PhotoFilterViewController.m */ = {isa = PBXFileReference; fileEncoding = 4; lastKnownFileType = sourcecode.c.objc; path = PhotoFilterViewController.m; sourceTree = "<group>"; };
		0ED5285D1EFBAB9400D5E511 /* PhotoFilterCollectionViewCell.h */ = {isa = PBXFileReference; fileEncoding = 4; lastKnownFileType = sourcecode.c.h; path = PhotoFilterCollectionViewCell.h; sourceTree = "<group>"; };
		0ED5285E1EFBAB9400D5E511 /* PhotoFilterCollectionViewCell.m */ = {isa = PBXFileReference; fileEncoding = 4; lastKnownFileType = sourcecode.c.objc; path = PhotoFilterCollectionViewCell.m; sourceTree = "<group>"; };
/* End PBXFileReference section */

/* Begin PBXFrameworksBuildPhase section */
		0E0E17F91EFA40AC001E4EDC /* Frameworks */ = {
			isa = PBXFrameworksBuildPhase;
			buildActionMask = 2147483647;
			files = (
				0E0E18301EFA53F8001E4EDC /* OpenGLES.framework in Frameworks */,
			);
			runOnlyForDeploymentPostprocessing = 0;
		};
/* End PBXFrameworksBuildPhase section */

/* Begin PBXGroup section */
		0E0E17F31EFA40AC001E4EDC = {
			isa = PBXGroup;
			children = (
				0E0E17FE1EFA40AC001E4EDC /* ImageFilter */,
				0E0E17FD1EFA40AC001E4EDC /* Products */,
				0E0E182E1EFA53F8001E4EDC /* Frameworks */,
			);
			sourceTree = "<group>";
		};
		0E0E17FD1EFA40AC001E4EDC /* Products */ = {
			isa = PBXGroup;
			children = (
				0E0E17FC1EFA40AC001E4EDC /* ImageFilter.app */,
			);
			name = Products;
			sourceTree = "<group>";
		};
		0E0E17FE1EFA40AC001E4EDC /* ImageFilter */ = {
			isa = PBXGroup;
			children = (
				0E2478D91F4D9CEB00784965 /* Main */,
				0E24787C1F4D848B00784965 /* Photos */,
				0E0E18391EFA5DA7001E4EDC /* View */,
				0E0E18261EFA4FC1001E4EDC /* Shared */,
				0E0E18191EFA43CE001E4EDC /* Controller */,
				0E0E18021EFA40AC001E4EDC /* AppDelegate.h */,
				0E0E18031EFA40AC001E4EDC /* AppDelegate.m */,
				0E0E17FF1EFA40AC001E4EDC /* Supporting Files */,
			);
			path = ImageFilter;
			sourceTree = "<group>";
		};
		0E0E17FF1EFA40AC001E4EDC /* Supporting Files */ = {
			isa = PBXGroup;
			children = (
				0E0E180B1EFA40AC001E4EDC /* Assets.xcassets */,
				0E24787A1F4D702A00784965 /* 666.jpg */,
				0E0E180D1EFA40AC001E4EDC /* LaunchScreen.storyboard */,
				0E0E18101EFA40AC001E4EDC /* Info.plist */,
				0E0E18001EFA40AC001E4EDC /* main.m */,
				0E2478D81F4D9AC200784965 /* PrefixHeader.pch */,
			);
			name = "Supporting Files";
			sourceTree = "<group>";
		};
		0E0E18191EFA43CE001E4EDC /* Controller */ = {
			isa = PBXGroup;
			children = (
				0ED528591EFBA8BB00D5E511 /* Photo Filters */,
				0ED528521EFBA8B600D5E511 /* Tweakable Filters */,
			);
			path = Controller;
			sourceTree = "<group>";
		};
		0E0E18261EFA4FC1001E4EDC /* Shared */ = {
			isa = PBXGroup;
			children = (
				0E0E18281EFA506C001E4EDC /* ScalarFilterParameter.h */,
				0E0E18291EFA506C001E4EDC /* ScalarFilterParameter.m */,
				0E0E18361EFA54D5001E4EDC /* FilteredImageView.h */,
				0E0E18371EFA54D5001E4EDC /* FilteredImageView.m */,
			);
			path = Shared;
			sourceTree = "<group>";
		};
		0E0E182E1EFA53F8001E4EDC /* Frameworks */ = {
			isa = PBXGroup;
			children = (
				0E0E182F1EFA53F8001E4EDC /* OpenGLES.framework */,
			);
			name = Frameworks;
			sourceTree = "<group>";
		};
		0E0E18391EFA5DA7001E4EDC /* View */ = {
			isa = PBXGroup;
			children = (
				0ED528291EFA7BFC00D5E511 /* ParameterAdjustmentDelegate.h */,
				0E0E183A1EFA5DDF001E4EDC /* ParameterAdjustmentView.h */,
				0E0E183B1EFA5DDF001E4EDC /* ParameterAdjustmentView.m */,
				0E0E183D1EFA6196001E4EDC /* LabeledSliderView.h */,
				0E0E183E1EFA6196001E4EDC /* LabeledSliderView.m */,
				0ED5285D1EFBAB9400D5E511 /* PhotoFilterCollectionViewCell.h */,
				0ED5285E1EFBAB9400D5E511 /* PhotoFilterCollectionViewCell.m */,
			);
			path = View;
			sourceTree = "<group>";
		};
		0E24787C1F4D848B00784965 /* Photos */ = {
			isa = PBXGroup;
			children = (
				0E24787D1F4D848B00784965 /* AlbumController.h */,
				0E24787E1F4D848B00784965 /* AlbumController.m */,
				0E24787F1F4D848B00784965 /* AlbumListCell.h */,
				0E2478801F4D848B00784965 /* AlbumListCell.m */,
				0E2478811F4D848B00784965 /* AlbumListCell.xib */,
				0E2478821F4D848B00784965 /* AppearanceController.h */,
				0E2478831F4D848B00784965 /* AppearanceController.m */,
				0E2478841F4D848B00784965 /* ASHelper.h */,
				0E2478851F4D848B00784965 /* AssetBottomView.h */,
				0E2478861F4D848B00784965 /* AssetBottomView.m */,
				0E2478871F4D848B00784965 /* AssetBottomView.xib */,
				0E2478881F4D848B00784965 /* AssetCollectionCell.h */,
				0E2478891F4D848B00784965 /* AssetCollectionCell.m */,
				0E24788A1F4D848B00784965 /* AssetCollectionCell.xib */,
				0E24788B1F4D848B00784965 /* AssetSelectionUtil.h */,
				0E24788C1F4D848B00784965 /* AssetSelectionUtil.m */,
				0E24788D1F4D848B00784965 /* AssetTopView.h */,
				0E24788E1F4D848B00784965 /* AssetTopView.m */,
				0E24788F1F4D848B00784965 /* AssetTopView.xib */,
				0E2478901F4D848B00784965 /* AssetViewController.h */,
				0E2478911F4D848B00784965 /* AssetViewController.m */,
				0E2478921F4D848B00784965 /* ASTakePhotoCell.h */,
				0E2478931F4D848B00784965 /* ASTakePhotoCell.m */,
				0E2478941F4D848B00784965 /* ASTakePhotoCell.xib */,
				0E2478951F4D848B00784965 /* BaseController.h */,
				0E2478961F4D848B00784965 /* BaseController.m */,
				0E2478971F4D848B00784965 /* CollectionViewCell.h */,
				0E2478981F4D848B00784965 /* CollectionViewCell.m */,
				0E2478991F4D848B00784965 /* CollectionViewCell.xib */,
				0E24789A1F4D848B00784965 /* FileUtility.h */,
				0E24789B1F4D848B00784965 /* FileUtility.m */,
				0E24789C1F4D848B00784965 /* ImagePickerController.h */,
				0E24789D1F4D848B00784965 /* ImagePickerController.m */,
				0E24789E1F4D848B00784965 /* Images */,
				0E2478A91F4D848B00784965 /* PhotoController.h */,
				0E2478AA1F4D848B00784965 /* PhotoController.m */,
				0E2478AB1F4D848B00784965 /* VideoBottomView.h */,
				0E2478AC1F4D848B00784965 /* VideoBottomView.m */,
				0E2478AD1F4D848B00784965 /* VideoBottomView.xib */,
				0E2478AE1F4D848B00784965 /* VideoController.h */,
				0E2478AF1F4D848B00784965 /* VideoController.m */,
				0E2478B01F4D848B00784965 /* VideoController.xib */,
			);
			path = Photos;
			sourceTree = "<group>";
		};
		0E24789E1F4D848B00784965 /* Images */ = {
			isa = PBXGroup;
			children = (
				0E24789F1F4D848B00784965 /* as_icon_back@2x.png */,
				0E2478A01F4D848B00784965 /* as_icon_back@3x.png */,
				0E2478A11F4D848B00784965 /* as_photo_def@2x.png */,
				0E2478A21F4D848B00784965 /* as_photo_sel_big@2x.png */,
				0E2478A31F4D848B00784965 /* as_photo_sel_small@2x.png */,
				0E2478A41F4D848B00784965 /* as_placeholder@2x.png */,
				0E2478A51F4D848B00784965 /* as_playBtn_normal@2x.png */,
				0E2478A61F4D848B00784965 /* as_playBtn_press@2x.png */,
				0E2478A71F4D848B00784965 /* as_takePhotos@2x.png */,
				0E2478A81F4D848B00784965 /* as_VideoSendIcon@2x.png */,
			);
			path = Images;
			sourceTree = "<group>";
		};
		0E2478D91F4D9CEB00784965 /* Main */ = {
			isa = PBXGroup;
			children = (
				0E2478DA1F4D9D1400784965 /* RootTabBarController.h */,
				0E2478DB1F4D9D1400784965 /* RootTabBarController.m */,
				0E2478DC1F4D9D1400784965 /* SelectImageController.h */,
				0E2478DD1F4D9D1400784965 /* SelectImageController.m */,
				0E2478DE1F4D9D1400784965 /* SelectImageController.xib */,
				0E2478E21F4D9DDD00784965 /* CommonTools.h */,
				0E2478E31F4D9DDD00784965 /* CommonTools.m */,
			);
			path = Main;
			sourceTree = "<group>";
		};
		0ED528521EFBA8B600D5E511 /* Tweakable Filters */ = {
			isa = PBXGroup;
			children = (
				0ED528551EFBA8B600D5E511 /* FilterListViewController.h */,
				0ED528561EFBA8B600D5E511 /* FilterListViewController.m */,
				0ED528531EFBA8B600D5E511 /* FilterDetailViewController.h */,
				0ED528541EFBA8B600D5E511 /* FilterDetailViewController.m */,
			);
			path = "Tweakable Filters";
			sourceTree = "<group>";
		};
		0ED528591EFBA8BB00D5E511 /* Photo Filters */ = {
			isa = PBXGroup;
			children = (
				0ED5285A1EFBA8BB00D5E511 /* PhotoFilterViewController.h */,
				0ED5285B1EFBA8BB00D5E511 /* PhotoFilterViewController.m */,
			);
			path = "Photo Filters";
			sourceTree = "<group>";
		};
/* End PBXGroup section */

/* Begin PBXNativeTarget section */
		0E0E17FB1EFA40AC001E4EDC /* ImageFilter */ = {
			isa = PBXNativeTarget;
			buildConfigurationList = 0E0E18131EFA40AC001E4EDC /* Build configuration list for PBXNativeTarget "ImageFilter" */;
			buildPhases = (
				0E0E17F81EFA40AC001E4EDC /* Sources */,
				0E0E17F91EFA40AC001E4EDC /* Frameworks */,
				0E0E17FA1EFA40AC001E4EDC /* Resources */,
			);
			buildRules = (
			);
			dependencies = (
			);
			name = ImageFilter;
			productName = ImageFilter;
			productReference = 0E0E17FC1EFA40AC001E4EDC /* ImageFilter.app */;
			productType = "com.apple.product-type.application";
		};
/* End PBXNativeTarget section */

/* Begin PBXProject section */
		0E0E17F41EFA40AC001E4EDC /* Project object */ = {
			isa = PBXProject;
			attributes = {
				LastUpgradeCheck = 0830;
				ORGANIZATIONNAME = YB;
				TargetAttributes = {
					0E0E17FB1EFA40AC001E4EDC = {
						CreatedOnToolsVersion = 8.3.1;
						DevelopmentTeam = 2L992G763W;
						ProvisioningStyle = Automatic;
					};
				};
			};
			buildConfigurationList = 0E0E17F71EFA40AC001E4EDC /* Build configuration list for PBXProject "ImageFilter" */;
			compatibilityVersion = "Xcode 3.2";
			developmentRegion = English;
			hasScannedForEncodings = 0;
			knownRegions = (
				en,
				Base,
			);
			mainGroup = 0E0E17F31EFA40AC001E4EDC;
			productRefGroup = 0E0E17FD1EFA40AC001E4EDC /* Products */;
			projectDirPath = "";
			projectRoot = "";
			targets = (
				0E0E17FB1EFA40AC001E4EDC /* ImageFilter */,
			);
		};
/* End PBXProject section */

/* Begin PBXResourcesBuildPhase section */
		0E0E17FA1EFA40AC001E4EDC /* Resources */ = {
			isa = PBXResourcesBuildPhase;
			buildActionMask = 2147483647;
			files = (
				0E2478D21F4D848B00784965 /* VideoController.xib in Resources */,
				0E2478CD1F4D848B00784965 /* as_VideoSendIcon@2x.png in Resources */,
				0E2478C91F4D848B00784965 /* as_placeholder@2x.png in Resources */,
				0E2478CB1F4D848B00784965 /* as_playBtn_press@2x.png in Resources */,
				0E24787B1F4D702A00784965 /* 666.jpg in Resources */,
				0E0E180F1EFA40AC001E4EDC /* LaunchScreen.storyboard in Resources */,
				0E2478B61F4D848B00784965 /* AssetBottomView.xib in Resources */,
				0E0E180C1EFA40AC001E4EDC /* Assets.xcassets in Resources */,
				0E2478D01F4D848B00784965 /* VideoBottomView.xib in Resources */,
				0E2478C81F4D848B00784965 /* as_photo_sel_small@2x.png in Resources */,
				0E2478B81F4D848B00784965 /* AssetCollectionCell.xib in Resources */,
				0E2478CC1F4D848B00784965 /* as_takePhotos@2x.png in Resources */,
				0E2478C51F4D848B00784965 /* as_icon_back@3x.png in Resources */,
				0E2478BB1F4D848B00784965 /* AssetTopView.xib in Resources */,
				0E2478C41F4D848B00784965 /* as_icon_back@2x.png in Resources */,
				0E2478E11F4D9D1400784965 /* SelectImageController.xib in Resources */,
				0E2478CA1F4D848B00784965 /* as_playBtn_normal@2x.png in Resources */,
				0E2478B31F4D848B00784965 /* AlbumListCell.xib in Resources */,
				0E2478C71F4D848B00784965 /* as_photo_sel_big@2x.png in Resources */,
				0E2478BE1F4D848B00784965 /* ASTakePhotoCell.xib in Resources */,
				0E2478C11F4D848B00784965 /* CollectionViewCell.xib in Resources */,
				0E2478C61F4D848B00784965 /* as_photo_def@2x.png in Resources */,
			);
			runOnlyForDeploymentPostprocessing = 0;
		};
/* End PBXResourcesBuildPhase section */

/* Begin PBXSourcesBuildPhase section */
		0E0E17F81EFA40AC001E4EDC /* Sources */ = {
			isa = PBXSourcesBuildPhase;
			buildActionMask = 2147483647;
			files = (
				0E2478E41F4D9DDD00784965 /* CommonTools.m in Sources */,
				0E2478D11F4D848B00784965 /* VideoController.m in Sources */,
				0ED528581EFBA8B600D5E511 /* FilterListViewController.m in Sources */,
				0E2478BF1F4D848B00784965 /* BaseController.m in Sources */,
				0E2478DF1F4D9D1400784965 /* RootTabBarController.m in Sources */,
				0E2478B11F4D848B00784965 /* AlbumController.m in Sources */,
				0E2478CF1F4D848B00784965 /* VideoBottomView.m in Sources */,
				0ED5285C1EFBA8BB00D5E511 /* PhotoFilterViewController.m in Sources */,
				0E2478C21F4D848B00784965 /* FileUtility.m in Sources */,
				0E0E183F1EFA6196001E4EDC /* LabeledSliderView.m in Sources */,
				0E2478B51F4D848B00784965 /* AssetBottomView.m in Sources */,
				0E2478BC1F4D848B00784965 /* AssetViewController.m in Sources */,
				0E2478CE1F4D848B00784965 /* PhotoController.m in Sources */,
				0ED5285F1EFBAB9400D5E511 /* PhotoFilterCollectionViewCell.m in Sources */,
				0E0E18381EFA54D5001E4EDC /* FilteredImageView.m in Sources */,
				0E2478B41F4D848B00784965 /* AppearanceController.m in Sources */,
				0E0E18041EFA40AC001E4EDC /* AppDelegate.m in Sources */,
				0E2478BD1F4D848B00784965 /* ASTakePhotoCell.m in Sources */,
				0E2478E01F4D9D1400784965 /* SelectImageController.m in Sources */,
				0E0E18011EFA40AC001E4EDC /* main.m in Sources */,
				0E2478C31F4D848B00784965 /* ImagePickerController.m in Sources */,
				0E2478BA1F4D848B00784965 /* AssetTopView.m in Sources */,
				0E2478B21F4D848B00784965 /* AlbumListCell.m in Sources */,
				0E2478B71F4D848B00784965 /* AssetCollectionCell.m in Sources */,
				0E0E182A1EFA506C001E4EDC /* ScalarFilterParameter.m in Sources */,
				0E2478B91F4D848B00784965 /* AssetSelectionUtil.m in Sources */,
				0E0E183C1EFA5DDF001E4EDC /* ParameterAdjustmentView.m in Sources */,
				0E2478C01F4D848B00784965 /* CollectionViewCell.m in Sources */,
				0ED528571EFBA8B600D5E511 /* FilterDetailViewController.m in Sources */,
			);
			runOnlyForDeploymentPostprocessing = 0;
		};
/* End PBXSourcesBuildPhase section */

/* Begin PBXVariantGroup section */
		0E0E180D1EFA40AC001E4EDC /* LaunchScreen.storyboard */ = {
			isa = PBXVariantGroup;
			children = (
				0E0E180E1EFA40AC001E4EDC /* Base */,
			);
			name = LaunchScreen.storyboard;
			sourceTree = "<group>";
		};
/* End PBXVariantGroup section */

/* Begin XCBuildConfiguration section */
		0E0E18111EFA40AC001E4EDC /* Debug */ = {
			isa = XCBuildConfiguration;
			buildSettings = {
				ALWAYS_SEARCH_USER_PATHS = NO;
				CLANG_ANALYZER_NONNULL = YES;
				CLANG_ANALYZER_NUMBER_OBJECT_CONVERSION = YES_AGGRESSIVE;
				CLANG_CXX_LANGUAGE_STANDARD = "gnu++0x";
				CLANG_CXX_LIBRARY = "libc++";
				CLANG_ENABLE_MODULES = YES;
				CLANG_ENABLE_OBJC_ARC = YES;
				CLANG_WARN_BOOL_CONVERSION = YES;
				CLANG_WARN_CONSTANT_CONVERSION = YES;
				CLANG_WARN_DIRECT_OBJC_ISA_USAGE = YES_ERROR;
				CLANG_WARN_DOCUMENTATION_COMMENTS = YES;
				CLANG_WARN_EMPTY_BODY = YES;
				CLANG_WARN_ENUM_CONVERSION = YES;
				CLANG_WARN_INFINITE_RECURSION = YES;
				CLANG_WARN_INT_CONVERSION = YES;
				CLANG_WARN_OBJC_ROOT_CLASS = YES_ERROR;
				CLANG_WARN_SUSPICIOUS_MOVE = YES;
				CLANG_WARN_UNREACHABLE_CODE = YES;
				CLANG_WARN__DUPLICATE_METHOD_MATCH = YES;
				"CODE_SIGN_IDENTITY[sdk=iphoneos*]" = "iPhone Developer";
				COPY_PHASE_STRIP = NO;
				DEBUG_INFORMATION_FORMAT = dwarf;
				ENABLE_STRICT_OBJC_MSGSEND = YES;
				ENABLE_TESTABILITY = YES;
				GCC_C_LANGUAGE_STANDARD = gnu99;
				GCC_DYNAMIC_NO_PIC = NO;
				GCC_NO_COMMON_BLOCKS = YES;
				GCC_OPTIMIZATION_LEVEL = 0;
				GCC_PREPROCESSOR_DEFINITIONS = (
					"DEBUG=1",
					"$(inherited)",
				);
				GCC_WARN_64_TO_32_BIT_CONVERSION = YES;
				GCC_WARN_ABOUT_RETURN_TYPE = YES_ERROR;
				GCC_WARN_UNDECLARED_SELECTOR = YES;
				GCC_WARN_UNINITIALIZED_AUTOS = YES_AGGRESSIVE;
				GCC_WARN_UNUSED_FUNCTION = YES;
				GCC_WARN_UNUSED_VARIABLE = YES;
				IPHONEOS_DEPLOYMENT_TARGET = 10.3;
				MTL_ENABLE_DEBUG_INFO = YES;
				ONLY_ACTIVE_ARCH = YES;
				SDKROOT = iphoneos;
			};
			name = Debug;
		};
		0E0E18121EFA40AC001E4EDC /* Release */ = {
			isa = XCBuildConfiguration;
			buildSettings = {
				ALWAYS_SEARCH_USER_PATHS = NO;
				CLANG_ANALYZER_NONNULL = YES;
				CLANG_ANALYZER_NUMBER_OBJECT_CONVERSION = YES_AGGRESSIVE;
				CLANG_CXX_LANGUAGE_STANDARD = "gnu++0x";
				CLANG_CXX_LIBRARY = "libc++";
				CLANG_ENABLE_MODULES = YES;
				CLANG_ENABLE_OBJC_ARC = YES;
				CLANG_WARN_BOOL_CONVERSION = YES;
				CLANG_WARN_CONSTANT_CONVERSION = YES;
				CLANG_WARN_DIRECT_OBJC_ISA_USAGE = YES_ERROR;
				CLANG_WARN_DOCUMENTATION_COMMENTS = YES;
				CLANG_WARN_EMPTY_BODY = YES;
				CLANG_WARN_ENUM_CONVERSION = YES;
				CLANG_WARN_INFINITE_RECURSION = YES;
				CLANG_WARN_INT_CONVERSION = YES;
				CLANG_WARN_OBJC_ROOT_CLASS = YES_ERROR;
				CLANG_WARN_SUSPICIOUS_MOVE = YES;
				CLANG_WARN_UNREACHABLE_CODE = YES;
				CLANG_WARN__DUPLICATE_METHOD_MATCH = YES;
				"CODE_SIGN_IDENTITY[sdk=iphoneos*]" = "iPhone Developer";
				COPY_PHASE_STRIP = NO;
				DEBUG_INFORMATION_FORMAT = "dwarf-with-dsym";
				ENABLE_NS_ASSERTIONS = NO;
				ENABLE_STRICT_OBJC_MSGSEND = YES;
				GCC_C_LANGUAGE_STANDARD = gnu99;
				GCC_NO_COMMON_BLOCKS = YES;
				GCC_WARN_64_TO_32_BIT_CONVERSION = YES;
				GCC_WARN_ABOUT_RETURN_TYPE = YES_ERROR;
				GCC_WARN_UNDECLARED_SELECTOR = YES;
				GCC_WARN_UNINITIALIZED_AUTOS = YES_AGGRESSIVE;
				GCC_WARN_UNUSED_FUNCTION = YES;
				GCC_WARN_UNUSED_VARIABLE = YES;
				IPHONEOS_DEPLOYMENT_TARGET = 10.3;
				MTL_ENABLE_DEBUG_INFO = NO;
				SDKROOT = iphoneos;
				VALIDATE_PRODUCT = YES;
			};
			name = Release;
		};
		0E0E18141EFA40AC001E4EDC /* Debug */ = {
			isa = XCBuildConfiguration;
			buildSettings = {
				ASSETCATALOG_COMPILER_APPICON_NAME = AppIcon;
				DEVELOPMENT_TEAM = 2L992G763W;
				FRAMEWORK_SEARCH_PATHS = (
					"$(inherited)",
					"$(PROJECT_DIR)/ImageFilter",
				);
				GCC_PRECOMPILE_PREFIX_HEADER = YES;
				GCC_PREFIX_HEADER = ImageFilter/PrefixHeader.pch;
				INFOPLIST_FILE = ImageFilter/Info.plist;
				IPHONEOS_DEPLOYMENT_TARGET = 8.0;
				LD_RUNPATH_SEARCH_PATHS = "$(inherited) @executable_path/Frameworks";
				PRODUCT_BUNDLE_IDENTIFIER = jyb.ImageFilter;
				PRODUCT_NAME = "$(TARGET_NAME)";
			};
			name = Debug;
		};
		0E0E18151EFA40AC001E4EDC /* Release */ = {
			isa = XCBuildConfiguration;
			buildSettings = {
				ASSETCATALOG_COMPILER_APPICON_NAME = AppIcon;
				DEVELOPMENT_TEAM = 2L992G763W;
				FRAMEWORK_SEARCH_PATHS = (
					"$(inherited)",
					"$(PROJECT_DIR)/ImageFilter",
				);
				GCC_PRECOMPILE_PREFIX_HEADER = YES;
				GCC_PREFIX_HEADER = ImageFilter/PrefixHeader.pch;
				INFOPLIST_FILE = ImageFilter/Info.plist;
				IPHONEOS_DEPLOYMENT_TARGET = 8.0;
				LD_RUNPATH_SEARCH_PATHS = "$(inherited) @executable_path/Frameworks";
				PRODUCT_BUNDLE_IDENTIFIER = jyb.ImageFilter;
				PRODUCT_NAME = "$(TARGET_NAME)";
			};
			name = Release;
		};
/* End XCBuildConfiguration section */

/* Begin XCConfigurationList section */
		0E0E17F71EFA40AC001E4EDC /* Build configuration list for PBXProject "ImageFilter" */ = {
			isa = XCConfigurationList;
			buildConfigurations = (
				0E0E18111EFA40AC001E4EDC /* Debug */,
				0E0E18121EFA40AC001E4EDC /* Release */,
			);
			defaultConfigurationIsVisible = 0;
			defaultConfigurationName = Release;
		};
		0E0E18131EFA40AC001E4EDC /* Build configuration list for PBXNativeTarget "ImageFilter" */ = {
			isa = XCConfigurationList;
			buildConfigurations = (
				0E0E18141EFA40AC001E4EDC /* Debug */,
				0E0E18151EFA40AC001E4EDC /* Release */,
			);
			defaultConfigurationIsVisible = 0;
			defaultConfigurationName = Release;
		};
/* End XCConfigurationList section */
	};
	rootObject = 0E0E17F41EFA40AC001E4EDC /* Project object */;
}
